
Microsoft Visual Studio Solution File, Format Version 12.00
# Visual Studio Version 17
VisualStudioVersion = 17.5.33516.290
MinimumVisualStudioVersion = 10.0.40219.1
Project("{FAE04EC0-301F-11D3-BF4B-00C04F79EFBC}") = "B2E_Data_API", "B2E_Data_API.csproj", "{D74350F8-7A62-4990-8DF1-2006A244EF41}"
EndProject
Global
	GlobalSection(SolutionConfigurationPlatforms) = preSolution
		Debug|Any CPU = Debug|Any CPU
		Release|Any CPU = Release|Any CPU
	EndGlobalSection
	GlobalSection(ProjectConfigurationPlatforms) = postSolution
		{D74350F8-7A62-4990-8DF1-2006A244EF41}.Debug|Any CPU.ActiveCfg = Debug|Any CPU
		{D74350F8-7A62-4990-8DF1-2006A244EF41}.Debug|Any CPU.Build.0 = Debug|Any CPU
		{D74350F8-7A62-4990-8DF1-2006A244EF41}.Release|Any CPU.ActiveCfg = Release|Any CPU
		{D74350F8-7A62-4990-8DF1-2006A244EF41}.Release|Any CPU.Build.0 = Release|Any CPU
	EndGlobalSection
	GlobalSection(SolutionProperties) = preSolution
		HideSolutionNode = FALSE
	EndGlobalSection
	GlobalSection(ExtensibilityGlobals) = postSolution
		SolutionGuid = {9E9CA954-1A4D-46FA-8AC6-4880F1C98ED7}
	EndGlobalSection
EndGlobal
